
Microsoft Visual Studio Solution File, Format Version 11.00
# Visual Studio 2010
Project("{FAE04EC0-301F-11D3-BF4B-00C04F79EFBC}") = "ASR", "ASR\ASR.csproj", "{4E189BA3-7E40-47F8-9552-08558E06A8AA}"
EndProject
Project("{FAE04EC0-301F-11D3-BF4B-00C04F79EFBC}") = "ASR.Reports", "Reports\ASR.Reports.csproj", "{8BAA2172-A290-4C64-AC0B-3D6AF78DA578}"
EndProject
Global
	GlobalSection(SubversionScc) = preSolution
		Svn-Managed = True
		Manager = AnkhSVN - Subversion Support for Visual Studio
	EndGlobalSection
	GlobalSection(SolutionConfigurationPlatforms) = preSolution
		Debug|Any CPU = Debug|Any CPU
		Release|Any CPU = Release|Any CPU
	EndGlobalSection
	GlobalSection(ProjectConfigurationPlatforms) = postSolution
		{4E189BA3-7E40-47F8-9552-08558E06A8AA}.Debug|Any CPU.ActiveCfg = Debug|Any CPU
		{4E189BA3-7E40-47F8-9552-08558E06A8AA}.Debug|Any CPU.Build.0 = Debug|Any CPU
		{4E189BA3-7E40-47F8-9552-08558E06A8AA}.Release|Any CPU.ActiveCfg = Release|Any CPU
		{4E189BA3-7E40-47F8-9552-08558E06A8AA}.Release|Any CPU.Build.0 = Release|Any CPU
		{8BAA2172-A290-4C64-AC0B-3D6AF78DA578}.Debug|Any CPU.ActiveCfg = Debug|Any CPU
		{8BAA2172-A290-4C64-AC0B-3D6AF78DA578}.Debug|Any CPU.Build.0 = Debug|Any CPU
		{8BAA2172-A290-4C64-AC0B-3D6AF78DA578}.Release|Any CPU.ActiveCfg = Release|Any CPU
		{8BAA2172-A290-4C64-AC0B-3D6AF78DA578}.Release|Any CPU.Build.0 = Release|Any CPU
	EndGlobalSection
	GlobalSection(SolutionProperties) = preSolution
		HideSolutionNode = FALSE
	EndGlobalSection
EndGlobal
